
Microsoft Visual Studio Solution File, Format Version 12.00
# Visual Studio Version 16
VisualStudioVersion = 16.0.30413.136
MinimumVisualStudioVersion = 10.0.40219.1
Project("{9A19103F-16F7-4668-BE54-9A1E7A4F7556}") = "MoodAnalyzer", "MoodAnalyzer.csproj", "{320A37F9-4BB8-4A2B-938F-6068E41A1540}"
EndProject
Project("{9A19103F-16F7-4668-BE54-9A1E7A4F7556}") = "MoodAnalyzerUTest", "..\MoodAnalyzerUTest\MoodAnalyzerUTest.csproj", "{A290AADF-DCD8-4256-8FCF-659B12953297}"
EndProject
Global
	GlobalSection(SolutionConfigurationPlatforms) = preSolution
		Debug|Any CPU = Debug|Any CPU
		Release|Any CPU = Release|Any CPU
	EndGlobalSection
	GlobalSection(ProjectConfigurationPlatforms) = postSolution
		{320A37F9-4BB8-4A2B-938F-6068E41A1540}.Debug|Any CPU.ActiveCfg = Debug|Any CPU
		{320A37F9-4BB8-4A2B-938F-6068E41A1540}.Debug|Any CPU.Build.0 = Debug|Any CPU
		{320A37F9-4BB8-4A2B-938F-6068E41A1540}.Release|Any CPU.ActiveCfg = Release|Any CPU
		{320A37F9-4BB8-4A2B-938F-6068E41A1540}.Release|Any CPU.Build.0 = Release|Any CPU
		{A290AADF-DCD8-4256-8FCF-659B12953297}.Debug|Any CPU.ActiveCfg = Debug|Any CPU
		{A290AADF-DCD8-4256-8FCF-659B12953297}.Debug|Any CPU.Build.0 = Debug|Any CPU
		{A290AADF-DCD8-4256-8FCF-659B12953297}.Release|Any CPU.ActiveCfg = Release|Any CPU
		{A290AADF-DCD8-4256-8FCF-659B12953297}.Release|Any CPU.Build.0 = Release|Any CPU
	EndGlobalSection
	GlobalSection(SolutionProperties) = preSolution
		HideSolutionNode = FALSE
	EndGlobalSection
	GlobalSection(ExtensibilityGlobals) = postSolution
		SolutionGuid = {4D515408-6868-4BD1-BD8A-A2AAD2D61B6A}
	EndGlobalSection
EndGlobal
